
Microsoft Visual Studio Solution File, Format Version 12.00
# Visual Studio 15
VisualStudioVersion = 15.0.28010.2036
MinimumVisualStudioVersion = 10.0.40219.1
Project("{9A19103F-16F7-4668-BE54-9A1E7A4F7556}") = "alexa_challenge", "alexa_challenge.csproj", "{72667D87-E676-4288-9A18-9AE036E3A28C}"
EndProject
Global
	GlobalSection(SolutionConfigurationPlatforms) = preSolution
		Debug|Any CPU = Debug|Any CPU
		Release|Any CPU = Release|Any CPU
	EndGlobalSection
	GlobalSection(ProjectConfigurationPlatforms) = postSolution
		{72667D87-E676-4288-9A18-9AE036E3A28C}.Debug|Any CPU.ActiveCfg = Debug|Any CPU
		{72667D87-E676-4288-9A18-9AE036E3A28C}.Debug|Any CPU.Build.0 = Debug|Any CPU
		{72667D87-E676-4288-9A18-9AE036E3A28C}.Release|Any CPU.ActiveCfg = Release|Any CPU
		{72667D87-E676-4288-9A18-9AE036E3A28C}.Release|Any CPU.Build.0 = Release|Any CPU
	EndGlobalSection
	GlobalSection(SolutionProperties) = preSolution
		HideSolutionNode = FALSE
	EndGlobalSection
	GlobalSection(ExtensibilityGlobals) = postSolution
		SolutionGuid = {6316543F-9B91-49B7-9456-7B59EB070E78}
	EndGlobalSection
EndGlobal
